
Microsoft Visual Studio Solution File, Format Version 12.00
# Visual Studio 2013
VisualStudioVersion = 12.0.30501.0
MinimumVisualStudioVersion = 10.0.40219.1
Project("{FAE04EC0-301F-11D3-BF4B-00C04F79EFBC}") = "EasyMerge", "EasyMerge\EasyMerge.csproj", "{D43C543B-EC09-457A-A2C5-74AD7F3B6E08}"
EndProject
Project("{FAE04EC0-301F-11D3-BF4B-00C04F79EFBC}") = "EasyMerge.Tests", "EasyMerge.Tests\EasyMerge.Tests.csproj", "{CF9FC51C-AD03-4C21-9E3A-DBE7DA0223B8}"
EndProject
Global
	GlobalSection(SolutionConfigurationPlatforms) = preSolution
		Debug|Any CPU = Debug|Any CPU
		Release|Any CPU = Release|Any CPU
	EndGlobalSection
	GlobalSection(ProjectConfigurationPlatforms) = postSolution
		{D43C543B-EC09-457A-A2C5-74AD7F3B6E08}.Debug|Any CPU.ActiveCfg = Debug|Any CPU
		{D43C543B-EC09-457A-A2C5-74AD7F3B6E08}.Debug|Any CPU.Build.0 = Debug|Any CPU
		{D43C543B-EC09-457A-A2C5-74AD7F3B6E08}.Release|Any CPU.ActiveCfg = Release|Any CPU
		{D43C543B-EC09-457A-A2C5-74AD7F3B6E08}.Release|Any CPU.Build.0 = Release|Any CPU
		{CF9FC51C-AD03-4C21-9E3A-DBE7DA0223B8}.Debug|Any CPU.ActiveCfg = Debug|Any CPU
		{CF9FC51C-AD03-4C21-9E3A-DBE7DA0223B8}.Debug|Any CPU.Build.0 = Debug|Any CPU
		{CF9FC51C-AD03-4C21-9E3A-DBE7DA0223B8}.Release|Any CPU.ActiveCfg = Release|Any CPU
		{CF9FC51C-AD03-4C21-9E3A-DBE7DA0223B8}.Release|Any CPU.Build.0 = Release|Any CPU
	EndGlobalSection
	GlobalSection(SolutionProperties) = preSolution
		HideSolutionNode = FALSE
	EndGlobalSection
EndGlobal
